
Microsoft Visual Studio Solution File, Format Version 12.00
# Visual Studio Version 17
VisualStudioVersion = 17.5.002.0
MinimumVisualStudioVersion = 10.0.40219.1
Project("{9A19103F-16F7-4668-BE54-9A1E7A4F7556}") = "precio y producto", "precio y producto.csproj", "{C606A5E3-6B11-4E1B-A712-D5BEE306F131}"
EndProject
Global
	GlobalSection(SolutionConfigurationPlatforms) = preSolution
		Debug|Any CPU = Debug|Any CPU
		Release|Any CPU = Release|Any CPU
	EndGlobalSection
	GlobalSection(ProjectConfigurationPlatforms) = postSolution
		{C606A5E3-6B11-4E1B-A712-D5BEE306F131}.Debug|Any CPU.ActiveCfg = Debug|Any CPU
		{C606A5E3-6B11-4E1B-A712-D5BEE306F131}.Debug|Any CPU.Build.0 = Debug|Any CPU
		{C606A5E3-6B11-4E1B-A712-D5BEE306F131}.Release|Any CPU.ActiveCfg = Release|Any CPU
		{C606A5E3-6B11-4E1B-A712-D5BEE306F131}.Release|Any CPU.Build.0 = Release|Any CPU
	EndGlobalSection
	GlobalSection(SolutionProperties) = preSolution
		HideSolutionNode = FALSE
	EndGlobalSection
	GlobalSection(ExtensibilityGlobals) = postSolution
		SolutionGuid = {4FE70B5F-B900-4342-9936-4EE1D9860EBD}
	EndGlobalSection
EndGlobal
